// !$*UTF8*$!
{
	archiveVersion = 1;
	classes = {
	};
	objectVersion = 46;
	objects = {

/* Begin PBXBuildFile section */
		0D6C60FACBD7DD134EBA9465 /* libPods-GOals.a in Frameworks */ = {isa = PBXBuildFile; fileRef = 62625B0498A6685A1BE8941B /* libPods-GOals.a */; };
		EE09BCC31E2CF86C0004D6C2 /* GoalsCell.swift in Sources */ = {isa = PBXBuildFile; fileRef = EE09BCC21E2CF86C0004D6C2 /* GoalsCell.swift */; };
		EE09BCC51E2D01AE0004D6C2 /* GoogleService-Info.plist in Resources */ = {isa = PBXBuildFile; fileRef = EE09BCC41E2D01AE0004D6C2 /* GoogleService-Info.plist */; };
		EE09BCC71E2D027A0004D6C2 /* Info.plist in Resources */ = {isa = PBXBuildFile; fileRef = EE09BCC61E2D027A0004D6C2 /* Info.plist */; };
		EEBFDB651E30F023007DAA43 /* GroupCell.swift in Sources */ = {isa = PBXBuildFile; fileRef = EEBFDB641E30F023007DAA43 /* GroupCell.swift */; };
		EEC32D701E295B4400D76EBC /* Goal.swift in Sources */ = {isa = PBXBuildFile; fileRef = EEC32D6F1E295B4400D76EBC /* Goal.swift */; };
		EEC32D721E295DCE00D76EBC /* User.swift in Sources */ = {isa = PBXBuildFile; fileRef = EEC32D711E295DCE00D76EBC /* User.swift */; };
		EED0DFC11E250ADA00F33D32 /* AppDelegate.swift in Sources */ = {isa = PBXBuildFile; fileRef = EED0DFC01E250ADA00F33D32 /* AppDelegate.swift */; };
		EED0DFC31E250ADA00F33D32 /* LoginViewController.swift in Sources */ = {isa = PBXBuildFile; fileRef = EED0DFC21E250ADA00F33D32 /* LoginViewController.swift */; };
		EED0DFC61E250ADA00F33D32 /* Main.storyboard in Resources */ = {isa = PBXBuildFile; fileRef = EED0DFC41E250ADA00F33D32 /* Main.storyboard */; };
		EED0DFC81E250ADA00F33D32 /* Assets.xcassets in Resources */ = {isa = PBXBuildFile; fileRef = EED0DFC71E250ADA00F33D32 /* Assets.xcassets */; };
		EED0DFCB1E250ADA00F33D32 /* LaunchScreen.storyboard in Resources */ = {isa = PBXBuildFile; fileRef = EED0DFC91E250ADA00F33D32 /* LaunchScreen.storyboard */; };
		EED0DFD71E2784B800F33D32 /* GoalsViewController.swift in Sources */ = {isa = PBXBuildFile; fileRef = EED0DFD61E2784B800F33D32 /* GoalsViewController.swift */; };
		EED0DFD91E27B40400F33D32 /* RankingViewController.swift in Sources */ = {isa = PBXBuildFile; fileRef = EED0DFD81E27B40400F33D32 /* RankingViewController.swift */; };
		EED0DFDB1E27B41900F33D32 /* DetailViewController.swift in Sources */ = {isa = PBXBuildFile; fileRef = EED0DFDA1E27B41900F33D32 /* DetailViewController.swift */; };
		EED9BB131E2E59ED00D2668D /* Group.swift in Sources */ = {isa = PBXBuildFile; fileRef = EED9BB121E2E59ED00D2668D /* Group.swift */; };
		EED9BB171E2E5BD100D2668D /* DESIGN.md in Sources */ = {isa = PBXBuildFile; fileRef = EED9BB141E2E5BD100D2668D /* DESIGN.md */; };
		EED9BB181E2E5BD100D2668D /* PROCESS.md in Sources */ = {isa = PBXBuildFile; fileRef = EED9BB151E2E5BD100D2668D /* PROCESS.md */; };
		EED9BB191E2E5BD100D2668D /* README.md in Sources */ = {isa = PBXBuildFile; fileRef = EED9BB161E2E5BD100D2668D /* README.md */; };
		EED9BB1B1E30DD6100D2668D /* DetailsGroupViewController.swift in Sources */ = {isa = PBXBuildFile; fileRef = EED9BB1A1E30DD6100D2668D /* DetailsGroupViewController.swift */; };
/* End PBXBuildFile section */

/* Begin PBXFileReference section */
		2806DCFF188C99B2539CCB20 /* Pods-GOals.debug.xcconfig */ = {isa = PBXFileReference; includeInIndex = 1; lastKnownFileType = text.xcconfig; name = "Pods-GOals.debug.xcconfig"; path = "Pods/Target Support Files/Pods-GOals/Pods-GOals.debug.xcconfig"; sourceTree = "<group>"; };
		610AEB7965212AB359EA38E5 /* Pods-GOals.release.xcconfig */ = {isa = PBXFileReference; includeInIndex = 1; lastKnownFileType = text.xcconfig; name = "Pods-GOals.release.xcconfig"; path = "Pods/Target Support Files/Pods-GOals/Pods-GOals.release.xcconfig"; sourceTree = "<group>"; };
		62625B0498A6685A1BE8941B /* libPods-GOals.a */ = {isa = PBXFileReference; explicitFileType = archive.ar; includeInIndex = 0; path = "libPods-GOals.a"; sourceTree = BUILT_PRODUCTS_DIR; };
		EE09BCC21E2CF86C0004D6C2 /* GoalsCell.swift */ = {isa = PBXFileReference; fileEncoding = 4; lastKnownFileType = sourcecode.swift; path = GoalsCell.swift; sourceTree = "<group>"; };
		EE09BCC41E2D01AE0004D6C2 /* GoogleService-Info.plist */ = {isa = PBXFileReference; fileEncoding = 4; lastKnownFileType = text.plist.xml; path = "GoogleService-Info.plist"; sourceTree = "<group>"; };
		EE09BCC61E2D027A0004D6C2 /* Info.plist */ = {isa = PBXFileReference; fileEncoding = 4; lastKnownFileType = text.plist.xml; path = Info.plist; sourceTree = "<group>"; };
		EEBFDB641E30F023007DAA43 /* GroupCell.swift */ = {isa = PBXFileReference; fileEncoding = 4; lastKnownFileType = sourcecode.swift; path = GroupCell.swift; sourceTree = "<group>"; };
		EEC32D6F1E295B4400D76EBC /* Goal.swift */ = {isa = PBXFileReference; fileEncoding = 4; lastKnownFileType = sourcecode.swift; path = Goal.swift; sourceTree = "<group>"; };
		EEC32D711E295DCE00D76EBC /* User.swift */ = {isa = PBXFileReference; fileEncoding = 4; lastKnownFileType = sourcecode.swift; path = User.swift; sourceTree = "<group>"; };
		EEC32D771E2CCD5B00D76EBC /* GOals.entitlements */ = {isa = PBXFileReference; lastKnownFileType = text.plist.entitlements; path = GOals.entitlements; sourceTree = "<group>"; };
		EED0DFBD1E250ADA00F33D32 /* GOals.app */ = {isa = PBXFileReference; explicitFileType = wrapper.application; includeInIndex = 0; path = GOals.app; sourceTree = BUILT_PRODUCTS_DIR; };
		EED0DFC01E250ADA00F33D32 /* AppDelegate.swift */ = {isa = PBXFileReference; lastKnownFileType = sourcecode.swift; path = AppDelegate.swift; sourceTree = "<group>"; };
		EED0DFC21E250ADA00F33D32 /* LoginViewController.swift */ = {isa = PBXFileReference; lastKnownFileType = sourcecode.swift; path = LoginViewController.swift; sourceTree = "<group>"; };
		EED0DFC51E250ADA00F33D32 /* Base */ = {isa = PBXFileReference; lastKnownFileType = file.storyboard; name = Base; path = Base.lproj/Main.storyboard; sourceTree = "<group>"; };
		EED0DFC71E250ADA00F33D32 /* Assets.xcassets */ = {isa = PBXFileReference; lastKnownFileType = folder.assetcatalog; path = Assets.xcassets; sourceTree = "<group>"; };
		EED0DFCA1E250ADA00F33D32 /* Base */ = {isa = PBXFileReference; lastKnownFileType = file.storyboard; name = Base; path = Base.lproj/LaunchScreen.storyboard; sourceTree = "<group>"; };
		EED0DFD61E2784B800F33D32 /* GoalsViewController.swift */ = {isa = PBXFileReference; fileEncoding = 4; lastKnownFileType = sourcecode.swift; path = GoalsViewController.swift; sourceTree = "<group>"; };
		EED0DFD81E27B40400F33D32 /* RankingViewController.swift */ = {isa = PBXFileReference; fileEncoding = 4; lastKnownFileType = sourcecode.swift; path = RankingViewController.swift; sourceTree = "<group>"; };
		EED0DFDA1E27B41900F33D32 /* DetailViewController.swift */ = {isa = PBXFileReference; fileEncoding = 4; lastKnownFileType = sourcecode.swift; path = DetailViewController.swift; sourceTree = "<group>"; };
		EED9BB121E2E59ED00D2668D /* Group.swift */ = {isa = PBXFileReference; fileEncoding = 4; lastKnownFileType = sourcecode.swift; path = Group.swift; sourceTree = "<group>"; };
		EED9BB141E2E5BD100D2668D /* DESIGN.md */ = {isa = PBXFileReference; fileEncoding = 4; lastKnownFileType = net.daringfireball.markdown; path = DESIGN.md; sourceTree = "<group>"; };
		EED9BB151E2E5BD100D2668D /* PROCESS.md */ = {isa = PBXFileReference; fileEncoding = 4; lastKnownFileType = net.daringfireball.markdown; path = PROCESS.md; sourceTree = "<group>"; };
		EED9BB161E2E5BD100D2668D /* README.md */ = {isa = PBXFileReference; fileEncoding = 4; lastKnownFileType = net.daringfireball.markdown; path = README.md; sourceTree = "<group>"; };
		EED9BB1A1E30DD6100D2668D /* DetailsGroupViewController.swift */ = {isa = PBXFileReference; fileEncoding = 4; lastKnownFileType = sourcecode.swift; path = DetailsGroupViewController.swift; sourceTree = "<group>"; };
/* End PBXFileReference section */

/* Begin PBXFrameworksBuildPhase section */
		EED0DFBA1E250AD900F33D32 /* Frameworks */ = {
			isa = PBXFrameworksBuildPhase;
			buildActionMask = 2147483647;
			files = (
				0D6C60FACBD7DD134EBA9465 /* libPods-GOals.a in Frameworks */,
			);
			runOnlyForDeploymentPostprocessing = 0;
		};
/* End PBXFrameworksBuildPhase section */

/* Begin PBXGroup section */
		6D8FAADBE55FC48C2A2905B6 /* Pods */ = {
			isa = PBXGroup;
			children = (
				2806DCFF188C99B2539CCB20 /* Pods-GOals.debug.xcconfig */,
				610AEB7965212AB359EA38E5 /* Pods-GOals.release.xcconfig */,
			);
			name = Pods;
			sourceTree = "<group>";
		};
		BC98393B99170FBA5BA40100 /* Frameworks */ = {
			isa = PBXGroup;
			children = (
				62625B0498A6685A1BE8941B /* libPods-GOals.a */,
			);
			name = Frameworks;
			sourceTree = "<group>";
		};
		EEC32D7A1E2CCF7D00D76EBC /* Controllers */ = {
			isa = PBXGroup;
			children = (
				EED0DFC21E250ADA00F33D32 /* LoginViewController.swift */,
				EED0DFD61E2784B800F33D32 /* GoalsViewController.swift */,
				EED9BB1A1E30DD6100D2668D /* DetailsGroupViewController.swift */,
				EED0DFD81E27B40400F33D32 /* RankingViewController.swift */,
				EED0DFDA1E27B41900F33D32 /* DetailViewController.swift */,
			);
			name = Controllers;
			sourceTree = "<group>";
		};
		EEC32D7B1E2CCF9400D76EBC /* Models */ = {
			isa = PBXGroup;
			children = (
				EEC32D6F1E295B4400D76EBC /* Goal.swift */,
				EED9BB121E2E59ED00D2668D /* Group.swift */,
				EEC32D711E295DCE00D76EBC /* User.swift */,
				EE09BCC21E2CF86C0004D6C2 /* GoalsCell.swift */,
				EEBFDB641E30F023007DAA43 /* GroupCell.swift */,
			);
			name = Models;
			sourceTree = "<group>";
		};
		EEC32D7D1E2CD44900D76EBC /* Layouts */ = {
			isa = PBXGroup;
			children = (
				EED0DFC41E250ADA00F33D32 /* Main.storyboard */,
				EED0DFC91E250ADA00F33D32 /* LaunchScreen.storyboard */,
			);
			name = Layouts;
			sourceTree = "<group>";
		};
		EEC32D7E1E2CD46600D76EBC /* Supporting Files */ = {
			isa = PBXGroup;
			children = (
				EE09BCC41E2D01AE0004D6C2 /* GoogleService-Info.plist */,
				EE09BCC61E2D027A0004D6C2 /* Info.plist */,
			);
			name = "Supporting Files";
			sourceTree = "<group>";
		};
		EEC32D7F1E2CD48600D76EBC /* Other */ = {
			isa = PBXGroup;
			children = (
				EED0DFC01E250ADA00F33D32 /* AppDelegate.swift */,
			);
			name = Other;
			sourceTree = "<group>";
		};
		EED0DFB41E250AD900F33D32 = {
			isa = PBXGroup;
			children = (
				EED9BB141E2E5BD100D2668D /* DESIGN.md */,
				EED9BB151E2E5BD100D2668D /* PROCESS.md */,
				EED9BB161E2E5BD100D2668D /* README.md */,
				EED0DFBF1E250ADA00F33D32 /* GOals */,
				EED0DFBE1E250ADA00F33D32 /* Products */,
				6D8FAADBE55FC48C2A2905B6 /* Pods */,
				BC98393B99170FBA5BA40100 /* Frameworks */,
			);
			sourceTree = "<group>";
		};
		EED0DFBE1E250ADA00F33D32 /* Products */ = {
			isa = PBXGroup;
			children = (
				EED0DFBD1E250ADA00F33D32 /* GOals.app */,
			);
			name = Products;
			sourceTree = "<group>";
		};
		EED0DFBF1E250ADA00F33D32 /* GOals */ = {
			isa = PBXGroup;
			children = (
				EEC32D771E2CCD5B00D76EBC /* GOals.entitlements */,
				EEC32D7B1E2CCF9400D76EBC /* Models */,
				EEC32D7A1E2CCF7D00D76EBC /* Controllers */,
				EEC32D7D1E2CD44900D76EBC /* Layouts */,
				EEC32D7E1E2CD46600D76EBC /* Supporting Files */,
				EEC32D7F1E2CD48600D76EBC /* Other */,
				EED0DFC71E250ADA00F33D32 /* Assets.xcassets */,
			);
			path = GOals;
			sourceTree = "<group>";
		};
/* End PBXGroup section */

/* Begin PBXNativeTarget section */
		EED0DFBC1E250AD900F33D32 /* GOals */ = {
			isa = PBXNativeTarget;
			buildConfigurationList = EED0DFCF1E250ADA00F33D32 /* Build configuration list for PBXNativeTarget "GOals" */;
			buildPhases = (
				C72E67E00C7E95EF4C8DC1A7 /* [CP] Check Pods Manifest.lock */,
				EED0DFB91E250AD900F33D32 /* Sources */,
				EED0DFBA1E250AD900F33D32 /* Frameworks */,
				EED0DFBB1E250AD900F33D32 /* Resources */,
				DB8A514BD6B8E18410F11F4D /* [CP] Embed Pods Frameworks */,
				BE10B4FFFF2BBBC49A8FD7AA /* [CP] Copy Pods Resources */,
			);
			buildRules = (
			);
			dependencies = (
			);
			name = GOals;
			productName = GOals;
			productReference = EED0DFBD1E250ADA00F33D32 /* GOals.app */;
			productType = "com.apple.product-type.application";
		};
/* End PBXNativeTarget section */

/* Begin PBXProject section */
		EED0DFB51E250AD900F33D32 /* Project object */ = {
			isa = PBXProject;
			attributes = {
				LastSwiftUpdateCheck = 0820;
				LastUpgradeCheck = 0820;
				ORGANIZATIONNAME = "Fien Lute";
				TargetAttributes = {
					EED0DFBC1E250AD900F33D32 = {
						CreatedOnToolsVersion = 8.2.1;
						DevelopmentTeam = 4LAGZNBU4M;
						ProvisioningStyle = Automatic;
						SystemCapabilities = {
							com.apple.Keychain = {
								enabled = 1;
							};
						};
					};
				};
			};
			buildConfigurationList = EED0DFB81E250AD900F33D32 /* Build configuration list for PBXProject "GOals" */;
			compatibilityVersion = "Xcode 3.2";
			developmentRegion = English;
			hasScannedForEncodings = 0;
			knownRegions = (
				en,
				Base,
			);
			mainGroup = EED0DFB41E250AD900F33D32;
			productRefGroup = EED0DFBE1E250ADA00F33D32 /* Products */;
			projectDirPath = "";
			projectRoot = "";
			targets = (
				EED0DFBC1E250AD900F33D32 /* GOals */,
			);
		};
/* End PBXProject section */

/* Begin PBXResourcesBuildPhase section */
		EED0DFBB1E250AD900F33D32 /* Resources */ = {
			isa = PBXResourcesBuildPhase;
			buildActionMask = 2147483647;
			files = (
				EED0DFCB1E250ADA00F33D32 /* LaunchScreen.storyboard in Resources */,
				EE09BCC51E2D01AE0004D6C2 /* GoogleService-Info.plist in Resources */,
				EED0DFC81E250ADA00F33D32 /* Assets.xcassets in Resources */,
				EE09BCC71E2D027A0004D6C2 /* Info.plist in Resources */,
				EED0DFC61E250ADA00F33D32 /* Main.storyboard in Resources */,
			);
			runOnlyForDeploymentPostprocessing = 0;
		};
/* End PBXResourcesBuildPhase section */

/* Begin PBXShellScriptBuildPhase section */
		BE10B4FFFF2BBBC49A8FD7AA /* [CP] Copy Pods Resources */ = {
			isa = PBXShellScriptBuildPhase;
			buildActionMask = 2147483647;
			files = (
			);
			inputPaths = (
			);
			name = "[CP] Copy Pods Resources";
			outputPaths = (
			);
			runOnlyForDeploymentPostprocessing = 0;
			shellPath = /bin/sh;
			shellScript = "\"${SRCROOT}/Pods/Target Support Files/Pods-GOals/Pods-GOals-resources.sh\"\n";
			showEnvVarsInLog = 0;
		};
		C72E67E00C7E95EF4C8DC1A7 /* [CP] Check Pods Manifest.lock */ = {
			isa = PBXShellScriptBuildPhase;
			buildActionMask = 2147483647;
			files = (
			);
			inputPaths = (
			);
			name = "[CP] Check Pods Manifest.lock";
			outputPaths = (
			);
			runOnlyForDeploymentPostprocessing = 0;
			shellPath = /bin/sh;
			shellScript = "diff \"${PODS_ROOT}/../Podfile.lock\" \"${PODS_ROOT}/Manifest.lock\" > /dev/null\nif [ $? != 0 ] ; then\n    # print error to STDERR\n    echo \"error: The sandbox is not in sync with the Podfile.lock. Run 'pod install' or update your CocoaPods installation.\" >&2\n    exit 1\nfi\n";
			showEnvVarsInLog = 0;
		};
		DB8A514BD6B8E18410F11F4D /* [CP] Embed Pods Frameworks */ = {
			isa = PBXShellScriptBuildPhase;
			buildActionMask = 2147483647;
			files = (
			);
			inputPaths = (
			);
			name = "[CP] Embed Pods Frameworks";
			outputPaths = (
			);
			runOnlyForDeploymentPostprocessing = 0;
			shellPath = /bin/sh;
			shellScript = "\"${SRCROOT}/Pods/Target Support Files/Pods-GOals/Pods-GOals-frameworks.sh\"\n";
			showEnvVarsInLog = 0;
		};
/* End PBXShellScriptBuildPhase section */

/* Begin PBXSourcesBuildPhase section */
		EED0DFB91E250AD900F33D32 /* Sources */ = {
			isa = PBXSourcesBuildPhase;
			buildActionMask = 2147483647;
			files = (
				EEC32D701E295B4400D76EBC /* Goal.swift in Sources */,
				EED0DFC31E250ADA00F33D32 /* LoginViewController.swift in Sources */,
				EED9BB1B1E30DD6100D2668D /* DetailsGroupViewController.swift in Sources */,
				EED9BB131E2E59ED00D2668D /* Group.swift in Sources */,
				EED0DFC11E250ADA00F33D32 /* AppDelegate.swift in Sources */,
				EED9BB171E2E5BD100D2668D /* DESIGN.md in Sources */,
				EE09BCC31E2CF86C0004D6C2 /* GoalsCell.swift in Sources */,
				EEBFDB651E30F023007DAA43 /* GroupCell.swift in Sources */,
				EED9BB191E2E5BD100D2668D /* README.md in Sources */,
				EED9BB181E2E5BD100D2668D /* PROCESS.md in Sources */,
				EEC32D721E295DCE00D76EBC /* User.swift in Sources */,
				EED0DFD71E2784B800F33D32 /* GoalsViewController.swift in Sources */,
				EED0DFD91E27B40400F33D32 /* RankingViewController.swift in Sources */,
				EED0DFDB1E27B41900F33D32 /* DetailViewController.swift in Sources */,
			);
			runOnlyForDeploymentPostprocessing = 0;
		};
/* End PBXSourcesBuildPhase section */

/* Begin PBXVariantGroup section */
		EED0DFC41E250ADA00F33D32 /* Main.storyboard */ = {
			isa = PBXVariantGroup;
			children = (
				EED0DFC51E250ADA00F33D32 /* Base */,
			);
			name = Main.storyboard;
			sourceTree = "<group>";
		};
		EED0DFC91E250ADA00F33D32 /* LaunchScreen.storyboard */ = {
			isa = PBXVariantGroup;
			children = (
				EED0DFCA1E250ADA00F33D32 /* Base */,
			);
			name = LaunchScreen.storyboard;
			sourceTree = "<group>";
		};
/* End PBXVariantGroup section */

/* Begin XCBuildConfiguration section */
		EED0DFCD1E250ADA00F33D32 /* Debug */ = {
			isa = XCBuildConfiguration;
			buildSettings = {
				ALWAYS_SEARCH_USER_PATHS = NO;
				CLANG_ANALYZER_NONNULL = YES;
				CLANG_CXX_LANGUAGE_STANDARD = "gnu++0x";
				CLANG_CXX_LIBRARY = "libc++";
				CLANG_ENABLE_MODULES = YES;
				CLANG_ENABLE_OBJC_ARC = YES;
				CLANG_WARN_BOOL_CONVERSION = YES;
				CLANG_WARN_CONSTANT_CONVERSION = YES;
				CLANG_WARN_DIRECT_OBJC_ISA_USAGE = YES_ERROR;
				CLANG_WARN_DOCUMENTATION_COMMENTS = YES;
				CLANG_WARN_EMPTY_BODY = YES;
				CLANG_WARN_ENUM_CONVERSION = YES;
				CLANG_WARN_INFINITE_RECURSION = YES;
				CLANG_WARN_INT_CONVERSION = YES;
				CLANG_WARN_OBJC_ROOT_CLASS = YES_ERROR;
				CLANG_WARN_SUSPICIOUS_MOVE = YES;
				CLANG_WARN_UNREACHABLE_CODE = YES;
				CLANG_WARN__DUPLICATE_METHOD_MATCH = YES;
				"CODE_SIGN_IDENTITY[sdk=iphoneos*]" = "iPhone Developer";
				COPY_PHASE_STRIP = NO;
				DEBUG_INFORMATION_FORMAT = dwarf;
				ENABLE_STRICT_OBJC_MSGSEND = YES;
				ENABLE_TESTABILITY = YES;
				GCC_C_LANGUAGE_STANDARD = gnu99;
				GCC_DYNAMIC_NO_PIC = NO;
				GCC_NO_COMMON_BLOCKS = YES;
				GCC_OPTIMIZATION_LEVEL = 0;
				GCC_PREPROCESSOR_DEFINITIONS = (
					"DEBUG=1",
					"$(inherited)",
				);
				GCC_WARN_64_TO_32_BIT_CONVERSION = YES;
				GCC_WARN_ABOUT_RETURN_TYPE = YES_ERROR;
				GCC_WARN_UNDECLARED_SELECTOR = YES;
				GCC_WARN_UNINITIALIZED_AUTOS = YES_AGGRESSIVE;
				GCC_WARN_UNUSED_FUNCTION = YES;
				GCC_WARN_UNUSED_VARIABLE = YES;
				IPHONEOS_DEPLOYMENT_TARGET = 10.2;
				MTL_ENABLE_DEBUG_INFO = YES;
				ONLY_ACTIVE_ARCH = YES;
				SDKROOT = iphoneos;
				SWIFT_ACTIVE_COMPILATION_CONDITIONS = DEBUG;
				SWIFT_OPTIMIZATION_LEVEL = "-Onone";
				TARGETED_DEVICE_FAMILY = "1,2";
			};
			name = Debug;
		};
		EED0DFCE1E250ADA00F33D32 /* Release */ = {
			isa = XCBuildConfiguration;
			buildSettings = {
				ALWAYS_SEARCH_USER_PATHS = NO;
				CLANG_ANALYZER_NONNULL = YES;
				CLANG_CXX_LANGUAGE_STANDARD = "gnu++0x";
				CLANG_CXX_LIBRARY = "libc++";
				CLANG_ENABLE_MODULES = YES;
				CLANG_ENABLE_OBJC_ARC = YES;
				CLANG_WARN_BOOL_CONVERSION = YES;
				CLANG_WARN_CONSTANT_CONVERSION = YES;
				CLANG_WARN_DIRECT_OBJC_ISA_USAGE = YES_ERROR;
				CLANG_WARN_DOCUMENTATION_COMMENTS = YES;
				CLANG_WARN_EMPTY_BODY = YES;
				CLANG_WARN_ENUM_CONVERSION = YES;
				CLANG_WARN_INFINITE_RECURSION = YES;
				CLANG_WARN_INT_CONVERSION = YES;
				CLANG_WARN_OBJC_ROOT_CLASS = YES_ERROR;
				CLANG_WARN_SUSPICIOUS_MOVE = YES;
				CLANG_WARN_UNREACHABLE_CODE = YES;
				CLANG_WARN__DUPLICATE_METHOD_MATCH = YES;
				"CODE_SIGN_IDENTITY[sdk=iphoneos*]" = "iPhone Developer";
				COPY_PHASE_STRIP = NO;
				DEBUG_INFORMATION_FORMAT = "dwarf-with-dsym";
				ENABLE_NS_ASSERTIONS = NO;
				ENABLE_STRICT_OBJC_MSGSEND = YES;
				GCC_C_LANGUAGE_STANDARD = gnu99;
				GCC_NO_COMMON_BLOCKS = YES;
				GCC_WARN_64_TO_32_BIT_CONVERSION = YES;
				GCC_WARN_ABOUT_RETURN_TYPE = YES_ERROR;
				GCC_WARN_UNDECLARED_SELECTOR = YES;
				GCC_WARN_UNINITIALIZED_AUTOS = YES_AGGRESSIVE;
				GCC_WARN_UNUSED_FUNCTION = YES;
				GCC_WARN_UNUSED_VARIABLE = YES;
				IPHONEOS_DEPLOYMENT_TARGET = 10.2;
				MTL_ENABLE_DEBUG_INFO = NO;
				SDKROOT = iphoneos;
				SWIFT_OPTIMIZATION_LEVEL = "-Owholemodule";
				TARGETED_DEVICE_FAMILY = "1,2";
				VALIDATE_PRODUCT = YES;
			};
			name = Release;
		};
		EED0DFD01E250ADA00F33D32 /* Debug */ = {
			isa = XCBuildConfiguration;
			baseConfigurationReference = 2806DCFF188C99B2539CCB20 /* Pods-GOals.debug.xcconfig */;
			buildSettings = {
				ASSETCATALOG_COMPILER_APPICON_NAME = AppIcon;
				CODE_SIGN_ENTITLEMENTS = GOals/GOals.entitlements;
				DEVELOPMENT_TEAM = 4LAGZNBU4M;
				INFOPLIST_FILE = GOals/Info.plist;
				LD_RUNPATH_SEARCH_PATHS = "$(inherited) @executable_path/Frameworks";
				PRODUCT_BUNDLE_IDENTIFIER = nl.mprog.GOals;
				PRODUCT_NAME = "$(TARGET_NAME)";
				SWIFT_VERSION = 3.0;
			};
			name = Debug;
		};
		EED0DFD11E250ADA00F33D32 /* Release */ = {
			isa = XCBuildConfiguration;
			baseConfigurationReference = 610AEB7965212AB359EA38E5 /* Pods-GOals.release.xcconfig */;
			buildSettings = {
				ASSETCATALOG_COMPILER_APPICON_NAME = AppIcon;
				CODE_SIGN_ENTITLEMENTS = GOals/GOals.entitlements;
				DEVELOPMENT_TEAM = 4LAGZNBU4M;
				INFOPLIST_FILE = GOals/Info.plist;
				LD_RUNPATH_SEARCH_PATHS = "$(inherited) @executable_path/Frameworks";
				PRODUCT_BUNDLE_IDENTIFIER = nl.mprog.GOals;
				PRODUCT_NAME = "$(TARGET_NAME)";
				SWIFT_VERSION = 3.0;
			};
			name = Release;
		};
/* End XCBuildConfiguration section */

/* Begin XCConfigurationList section */
		EED0DFB81E250AD900F33D32 /* Build configuration list for PBXProject "GOals" */ = {
			isa = XCConfigurationList;
			buildConfigurations = (
				EED0DFCD1E250ADA00F33D32 /* Debug */,
				EED0DFCE1E250ADA00F33D32 /* Release */,
			);
			defaultConfigurationIsVisible = 0;
			defaultConfigurationName = Release;
		};
		EED0DFCF1E250ADA00F33D32 /* Build configuration list for PBXNativeTarget "GOals" */ = {
			isa = XCConfigurationList;
			buildConfigurations = (
				EED0DFD01E250ADA00F33D32 /* Debug */,
				EED0DFD11E250ADA00F33D32 /* Release */,
			);
			defaultConfigurationIsVisible = 0;
			defaultConfigurationName = Release;
		};
/* End XCConfigurationList section */
	};
	rootObject = EED0DFB51E250AD900F33D32 /* Project object */;
}
